<Solution>
  <Folder Name="/KlantenSimulatorDL/">
    <Project Path="KlantenSimulatorDL/KlantenSimulatorDL_File.csproj" />
    <Project Path="KlantenSimulatorDL_SQL/KlantenSimulatorDL_SQL.csproj" Id="4cfdb212-d22b-41ac-a41c-709f3dd1184b" />
  </Folder>
  <Project Path="KlantenSimulatorBL/KlantenSimulatorBL.csproj" />
  <Project Path="KlantenSimulatorUI_WPF/KlantenSimulatorUI_WPF.csproj" />
  <Project Path="KlantenSimulatorUtils/KlantenSimulatorUtils.csproj" />
  <Project Path="KlantenSimulator_ConsoleApp/KlantenSimulator_ConsoleApp.csproj" />
</Solution>
